
Microsoft Visual Studio Solution File, Format Version 12.00
# Visual Studio Version 17
VisualStudioVersion = 17.13.35931.197
MinimumVisualStudioVersion = 10.0.40219.1
Project("{FAE04EC0-301F-11D3-BF4B-00C04F79EFBC}") = "OnePieceAPI", "OnePieceAPI\OnePieceAPI.csproj", "{882BE4D7-340F-47E2-ACFD-929F05A717D8}"
EndProject
Project("{FAE04EC0-301F-11D3-BF4B-00C04F79EFBC}") = "OnePieceAPI.Tests", "OnePieceAPI.Tests\OnePieceAPI.Tests.csproj", "{2E241416-F8B7-4CC4-958A-6A2FC1A472A7}"
EndProject
Global
	GlobalSection(SolutionConfigurationPlatforms) = preSolution
		Debug|Any CPU = Debug|Any CPU
		Release|Any CPU = Release|Any CPU
	EndGlobalSection
	GlobalSection(ProjectConfigurationPlatforms) = postSolution
		{882BE4D7-340F-47E2-ACFD-929F05A717D8}.Debug|Any CPU.ActiveCfg = Debug|Any CPU
		{882BE4D7-340F-47E2-ACFD-929F05A717D8}.Debug|Any CPU.Build.0 = Debug|Any CPU
		{882BE4D7-340F-47E2-ACFD-929F05A717D8}.Release|Any CPU.ActiveCfg = Release|Any CPU
		{882BE4D7-340F-47E2-ACFD-929F05A717D8}.Release|Any CPU.Build.0 = Release|Any CPU
		{2E241416-F8B7-4CC4-958A-6A2FC1A472A7}.Debug|Any CPU.ActiveCfg = Debug|Any CPU
		{2E241416-F8B7-4CC4-958A-6A2FC1A472A7}.Debug|Any CPU.Build.0 = Debug|Any CPU
		{2E241416-F8B7-4CC4-958A-6A2FC1A472A7}.Release|Any CPU.ActiveCfg = Release|Any CPU
		{2E241416-F8B7-4CC4-958A-6A2FC1A472A7}.Release|Any CPU.Build.0 = Release|Any CPU
	EndGlobalSection
	GlobalSection(SolutionProperties) = preSolution
		HideSolutionNode = FALSE
	EndGlobalSection
	GlobalSection(ExtensibilityGlobals) = postSolution
		SolutionGuid = {2B1A341E-7EDF-49D5-9FDE-72E0C9FBFFB1}
	EndGlobalSection
EndGlobal
